// !$*UTF8*$!
{
	archiveVersion = 1;
	classes = {
	};
	objectVersion = 46;
	objects = {

/* Begin PBXBuildFile section */
		FBCDFF561E81FAB5007A1542 /* AppDelegate.swift in Sources */ = {isa = PBXBuildFile; fileRef = FBCDFF551E81FAB5007A1542 /* AppDelegate.swift */; };
		FBCDFF581E81FAB5007A1542 /* ViewController.swift in Sources */ = {isa = PBXBuildFile; fileRef = FBCDFF571E81FAB5007A1542 /* ViewController.swift */; };
		FBCDFF5B1E81FAB5007A1542 /* Main.storyboard in Resources */ = {isa = PBXBuildFile; fileRef = FBCDFF591E81FAB5007A1542 /* Main.storyboard */; };
		FBCDFF5D1E81FAB5007A1542 /* Assets.xcassets in Resources */ = {isa = PBXBuildFile; fileRef = FBCDFF5C1E81FAB5007A1542 /* Assets.xcassets */; };
		FBCDFF601E81FAB5007A1542 /* LaunchScreen.storyboard in Resources */ = {isa = PBXBuildFile; fileRef = FBCDFF5E1E81FAB5007A1542 /* LaunchScreen.storyboard */; };
/* End PBXBuildFile section */

/* Begin PBXFileReference section */
		FBCDFF521E81FAB5007A1542 /* otros Controles en IOS.app */ = {isa = PBXFileReference; explicitFileType = wrapper.application; includeInIndex = 0; path = "otros Controles en IOS.app"; sourceTree = BUILT_PRODUCTS_DIR; };
		FBCDFF551E81FAB5007A1542 /* AppDelegate.swift */ = {isa = PBXFileReference; lastKnownFileType = sourcecode.swift; path = AppDelegate.swift; sourceTree = "<group>"; };
		FBCDFF571E81FAB5007A1542 /* ViewController.swift */ = {isa = PBXFileReference; lastKnownFileType = sourcecode.swift; path = ViewController.swift; sourceTree = "<group>"; };
		FBCDFF5A1E81FAB5007A1542 /* Base */ = {isa = PBXFileReference; lastKnownFileType = file.storyboard; name = Base; path = Base.lproj/Main.storyboard; sourceTree = "<group>"; };
		FBCDFF5C1E81FAB5007A1542 /* Assets.xcassets */ = {isa = PBXFileReference; lastKnownFileType = folder.assetcatalog; path = Assets.xcassets; sourceTree = "<group>"; };
		FBCDFF5F1E81FAB5007A1542 /* Base */ = {isa = PBXFileReference; lastKnownFileType = file.storyboard; name = Base; path = Base.lproj/LaunchScreen.storyboard; sourceTree = "<group>"; };
		FBCDFF611E81FAB5007A1542 /* Info.plist */ = {isa = PBXFileReference; lastKnownFileType = text.plist.xml; path = Info.plist; sourceTree = "<group>"; };
/* End PBXFileReference section */

/* Begin PBXFrameworksBuildPhase section */
		FBCDFF4F1E81FAB1007A1542 /* Frameworks */ = {
			isa = PBXFrameworksBuildPhase;
			buildActionMask = 2147483647;
			files = (
			);
			runOnlyForDeploymentPostprocessing = 0;
		};
/* End PBXFrameworksBuildPhase section */

/* Begin PBXGroup section */
		FBCDFF491E81FAB1007A1542 = {
			isa = PBXGroup;
			children = (
				FBCDFF541E81FAB5007A1542 /* otros Controles en IOS */,
				FBCDFF531E81FAB5007A1542 /* Products */,
			);
			sourceTree = "<group>";
		};
		FBCDFF531E81FAB5007A1542 /* Products */ = {
			isa = PBXGroup;
			children = (
				FBCDFF521E81FAB5007A1542 /* otros Controles en IOS.app */,
			);
			name = Products;
			sourceTree = "<group>";
		};
		FBCDFF541E81FAB5007A1542 /* otros Controles en IOS */ = {
			isa = PBXGroup;
			children = (
				FBCDFF551E81FAB5007A1542 /* AppDelegate.swift */,
				FBCDFF571E81FAB5007A1542 /* ViewController.swift */,
				FBCDFF591E81FAB5007A1542 /* Main.storyboard */,
				FBCDFF5C1E81FAB5007A1542 /* Assets.xcassets */,
				FBCDFF5E1E81FAB5007A1542 /* LaunchScreen.storyboard */,
				FBCDFF611E81FAB5007A1542 /* Info.plist */,
			);
			path = "otros Controles en IOS";
			sourceTree = "<group>";
		};
/* End PBXGroup section */

/* Begin PBXNativeTarget section */
		FBCDFF511E81FAB1007A1542 /* otros Controles en IOS */ = {
			isa = PBXNativeTarget;
			buildConfigurationList = FBCDFF641E81FAB5007A1542 /* Build configuration list for PBXNativeTarget "otros Controles en IOS" */;
			buildPhases = (
				FBCDFF4E1E81FAB1007A1542 /* Sources */,
				FBCDFF4F1E81FAB1007A1542 /* Frameworks */,
				FBCDFF501E81FAB1007A1542 /* Resources */,
			);
			buildRules = (
			);
			dependencies = (
			);
			name = "otros Controles en IOS";
			productName = "otros Controles en IOS";
			productReference = FBCDFF521E81FAB5007A1542 /* otros Controles en IOS.app */;
			productType = "com.apple.product-type.application";
		};
/* End PBXNativeTarget section */

/* Begin PBXProject section */
		FBCDFF4A1E81FAB1007A1542 /* Project object */ = {
			isa = PBXProject;
			attributes = {
				LastSwiftUpdateCheck = 0800;
				LastUpgradeCheck = 0800;
				ORGANIZATIONNAME = area51;
				TargetAttributes = {
					FBCDFF511E81FAB1007A1542 = {
						CreatedOnToolsVersion = 8.0;
						ProvisioningStyle = Automatic;
					};
				};
			};
			buildConfigurationList = FBCDFF4D1E81FAB1007A1542 /* Build configuration list for PBXProject "otros Controles en IOS" */;
			compatibilityVersion = "Xcode 3.2";
			developmentRegion = English;
			hasScannedForEncodings = 0;
			knownRegions = (
				en,
				Base,
			);
			mainGroup = FBCDFF491E81FAB1007A1542;
			productRefGroup = FBCDFF531E81FAB5007A1542 /* Products */;
			projectDirPath = "";
			projectRoot = "";
			targets = (
				FBCDFF511E81FAB1007A1542 /* otros Controles en IOS */,
			);
		};
/* End PBXProject section */

/* Begin PBXResourcesBuildPhase section */
		FBCDFF501E81FAB1007A1542 /* Resources */ = {
			isa = PBXResourcesBuildPhase;
			buildActionMask = 2147483647;
			files = (
				FBCDFF601E81FAB5007A1542 /* LaunchScreen.storyboard in Resources */,
				FBCDFF5D1E81FAB5007A1542 /* Assets.xcassets in Resources */,
				FBCDFF5B1E81FAB5007A1542 /* Main.storyboard in Resources */,
			);
			runOnlyForDeploymentPostprocessing = 0;
		};
/* End PBXResourcesBuildPhase section */

/* Begin PBXSourcesBuildPhase section */
		FBCDFF4E1E81FAB1007A1542 /* Sources */ = {
			isa = PBXSourcesBuildPhase;
			buildActionMask = 2147483647;
			files = (
				FBCDFF581E81FAB5007A1542 /* ViewController.swift in Sources */,
				FBCDFF561E81FAB5007A1542 /* AppDelegate.swift in Sources */,
			);
			runOnlyForDeploymentPostprocessing = 0;
		};
/* End PBXSourcesBuildPhase section */

/* Begin PBXVariantGroup section */
		FBCDFF591E81FAB5007A1542 /* Main.storyboard */ = {
			isa = PBXVariantGroup;
			children = (
				FBCDFF5A1E81FAB5007A1542 /* Base */,
			);
			name = Main.storyboard;
			sourceTree = "<group>";
		};
		FBCDFF5E1E81FAB5007A1542 /* LaunchScreen.storyboard */ = {
			isa = PBXVariantGroup;
			children = (
				FBCDFF5F1E81FAB5007A1542 /* Base */,
			);
			name = LaunchScreen.storyboard;
			sourceTree = "<group>";
		};
/* End PBXVariantGroup section */

/* Begin XCBuildConfiguration section */
		FBCDFF621E81FAB5007A1542 /* Debug */ = {
			isa = XCBuildConfiguration;
			buildSettings = {
				ALWAYS_SEARCH_USER_PATHS = NO;
				CLANG_ANALYZER_NONNULL = YES;
				CLANG_CXX_LANGUAGE_STANDARD = "gnu++0x";
				CLANG_CXX_LIBRARY = "libc++";
				CLANG_ENABLE_MODULES = YES;
				CLANG_ENABLE_OBJC_ARC = YES;
				CLANG_WARN_BOOL_CONVERSION = YES;
				CLANG_WARN_CONSTANT_CONVERSION = YES;
				CLANG_WARN_DIRECT_OBJC_ISA_USAGE = YES_ERROR;
				CLANG_WARN_DOCUMENTATION_COMMENTS = YES;
				CLANG_WARN_EMPTY_BODY = YES;
				CLANG_WARN_ENUM_CONVERSION = YES;
				CLANG_WARN_INFINITE_RECURSION = YES;
				CLANG_WARN_INT_CONVERSION = YES;
				CLANG_WARN_OBJC_ROOT_CLASS = YES_ERROR;
				CLANG_WARN_SUSPICIOUS_MOVES = YES;
				CLANG_WARN_UNREACHABLE_CODE = YES;
				CLANG_WARN__DUPLICATE_METHOD_MATCH = YES;
				"CODE_SIGN_IDENTITY[sdk=iphoneos*]" = "iPhone Developer";
				COPY_PHASE_STRIP = NO;
				DEBUG_INFORMATION_FORMAT = dwarf;
				ENABLE_STRICT_OBJC_MSGSEND = YES;
				ENABLE_TESTABILITY = YES;
				GCC_C_LANGUAGE_STANDARD = gnu99;
				GCC_DYNAMIC_NO_PIC = NO;
				GCC_NO_COMMON_BLOCKS = YES;
				GCC_OPTIMIZATION_LEVEL = 0;
				GCC_PREPROCESSOR_DEFINITIONS = (
					"DEBUG=1",
					"$(inherited)",
				);
				GCC_WARN_64_TO_32_BIT_CONVERSION = YES;
				GCC_WARN_ABOUT_RETURN_TYPE = YES_ERROR;
				GCC_WARN_UNDECLARED_SELECTOR = YES;
				GCC_WARN_UNINITIALIZED_AUTOS = YES_AGGRESSIVE;
				GCC_WARN_UNUSED_FUNCTION = YES;
				GCC_WARN_UNUSED_VARIABLE = YES;
				IPHONEOS_DEPLOYMENT_TARGET = 10.0;
				MTL_ENABLE_DEBUG_INFO = YES;
				ONLY_ACTIVE_ARCH = YES;
				SDKROOT = iphoneos;
				SWIFT_ACTIVE_COMPILATION_CONDITIONS = DEBUG;
				SWIFT_OPTIMIZATION_LEVEL = "-Onone";
				TARGETED_DEVICE_FAMILY = "1,2";
			};
			name = Debug;
		};
		FBCDFF631E81FAB5007A1542 /* Release */ = {
			isa = XCBuildConfiguration;
			buildSettings = {
				ALWAYS_SEARCH_USER_PATHS = NO;
				CLANG_ANALYZER_NONNULL = YES;
				CLANG_CXX_LANGUAGE_STANDARD = "gnu++0x";
				CLANG_CXX_LIBRARY = "libc++";
				CLANG_ENABLE_MODULES = YES;
				CLANG_ENABLE_OBJC_ARC = YES;
				CLANG_WARN_BOOL_CONVERSION = YES;
				CLANG_WARN_CONSTANT_CONVERSION = YES;
				CLANG_WARN_DIRECT_OBJC_ISA_USAGE = YES_ERROR;
				CLANG_WARN_DOCUMENTATION_COMMENTS = YES;
				CLANG_WARN_EMPTY_BODY = YES;
				CLANG_WARN_ENUM_CONVERSION = YES;
				CLANG_WARN_INFINITE_RECURSION = YES;
				CLANG_WARN_INT_CONVERSION = YES;
				CLANG_WARN_OBJC_ROOT_CLASS = YES_ERROR;
				CLANG_WARN_SUSPICIOUS_MOVES = YES;
				CLANG_WARN_UNREACHABLE_CODE = YES;
				CLANG_WARN__DUPLICATE_METHOD_MATCH = YES;
				"CODE_SIGN_IDENTITY[sdk=iphoneos*]" = "iPhone Developer";
				COPY_PHASE_STRIP = NO;
				DEBUG_INFORMATION_FORMAT = "dwarf-with-dsym";
				ENABLE_NS_ASSERTIONS = NO;
				ENABLE_STRICT_OBJC_MSGSEND = YES;
				GCC_C_LANGUAGE_STANDARD = gnu99;
				GCC_NO_COMMON_BLOCKS = YES;
				GCC_WARN_64_TO_32_BIT_CONVERSION = YES;
				GCC_WARN_ABOUT_RETURN_TYPE = YES_ERROR;
				GCC_WARN_UNDECLARED_SELECTOR = YES;
				GCC_WARN_UNINITIALIZED_AUTOS = YES_AGGRESSIVE;
				GCC_WARN_UNUSED_FUNCTION = YES;
				GCC_WARN_UNUSED_VARIABLE = YES;
				IPHONEOS_DEPLOYMENT_TARGET = 10.0;
				MTL_ENABLE_DEBUG_INFO = NO;
				SDKROOT = iphoneos;
				SWIFT_OPTIMIZATION_LEVEL = "-Owholemodule";
				TARGETED_DEVICE_FAMILY = "1,2";
				VALIDATE_PRODUCT = YES;
			};
			name = Release;
		};
		FBCDFF651E81FAB5007A1542 /* Debug */ = {
			isa = XCBuildConfiguration;
			buildSettings = {
				ASSETCATALOG_COMPILER_APPICON_NAME = AppIcon;
				INFOPLIST_FILE = "otros Controles en IOS/Info.plist";
				LD_RUNPATH_SEARCH_PATHS = "$(inherited) @executable_path/Frameworks";
				PRODUCT_BUNDLE_IDENTIFIER = "pe.area51.otros-Controles-en-IOS";
				PRODUCT_NAME = "$(TARGET_NAME)";
				SWIFT_VERSION = 3.0;
			};
			name = Debug;
		};
		FBCDFF661E81FAB5007A1542 /* Release */ = {
			isa = XCBuildConfiguration;
			buildSettings = {
				ASSETCATALOG_COMPILER_APPICON_NAME = AppIcon;
				INFOPLIST_FILE = "otros Controles en IOS/Info.plist";
				LD_RUNPATH_SEARCH_PATHS = "$(inherited) @executable_path/Frameworks";
				PRODUCT_BUNDLE_IDENTIFIER = "pe.area51.otros-Controles-en-IOS";
				PRODUCT_NAME = "$(TARGET_NAME)";
				SWIFT_VERSION = 3.0;
			};
			name = Release;
		};
/* End XCBuildConfiguration section */

/* Begin XCConfigurationList section */
		FBCDFF4D1E81FAB1007A1542 /* Build configuration list for PBXProject "otros Controles en IOS" */ = {
			isa = XCConfigurationList;
			buildConfigurations = (
				FBCDFF621E81FAB5007A1542 /* Debug */,
				FBCDFF631E81FAB5007A1542 /* Release */,
			);
			defaultConfigurationIsVisible = 0;
			defaultConfigurationName = Release;
		};
		FBCDFF641E81FAB5007A1542 /* Build configuration list for PBXNativeTarget "otros Controles en IOS" */ = {
			isa = XCConfigurationList;
			buildConfigurations = (
				FBCDFF651E81FAB5007A1542 /* Debug */,
				FBCDFF661E81FAB5007A1542 /* Release */,
			);
			defaultConfigurationIsVisible = 0;
		};
/* End XCConfigurationList section */
	};
	rootObject = FBCDFF4A1E81FAB1007A1542 /* Project object */;
}
